
Microsoft Visual Studio Solution File, Format Version 12.00
# Visual Studio 15
Project("{FAE04EC0-301F-11D3-BF4B-00C04F79EFBC}") = "DesignPattern", "DesignPattern\DesignPattern.csproj", "{FD1AD3A4-F542-41FD-B324-733F03525318}"
EndProject
Global
	GlobalSection(SolutionConfigurationPlatforms) = preSolution
		Debug|anycpu = Debug|anycpu
		Release|anycpu = Release|anycpu
	EndGlobalSection
	GlobalSection(ProjectConfigurationPlatforms) = postSolution
		{FD1AD3A4-F542-41FD-B324-733F03525318}.Debug|anycpu.ActiveCfg = Debug|anycpu
		{FD1AD3A4-F542-41FD-B324-733F03525318}.Debug|anycpu.Build.0 = Debug|anycpu
		{FD1AD3A4-F542-41FD-B324-733F03525318}.Release|anycpu.ActiveCfg = Release|anycpu
		{FD1AD3A4-F542-41FD-B324-733F03525318}.Release|anycpu.Build.0 = Release|anycpu
	EndGlobalSection
	GlobalSection(MonoDevelopProperties) = preSolution
		Policies = $0
		$0.VersionControlPolicy = $1
	EndGlobalSection
EndGlobal
